
Microsoft Visual Studio Solution File, Format Version 12.00
# Visual Studio Version 16
VisualStudioVersion = 16.0.32228.343
MinimumVisualStudioVersion = 10.0.40219.1
Project("{FAE04EC0-301F-11D3-BF4B-00C04F79EFBC}") = "eShopSolution.WebApp", "eShopSolution.WebApp\eShopSolution.WebApp.csproj", "{B140F3B5-8887-401E-AEEA-FF8620DEF4BC}"
EndProject
Project("{2150E333-8FDC-42A3-9474-1A3956D46DE8}") = "Solution Items", "Solution Items", "{5B548C59-1B95-4CC4-B9E1-E1080C29E59E}"
	ProjectSection(SolutionItems) = preProject
		README.md = README.md
	EndProjectSection
EndProject
Project("{FAE04EC0-301F-11D3-BF4B-00C04F79EFBC}") = "eShopSolution.Data", "eShopSolution.Data\eShopSolution.Data.csproj", "{7A024763-16F8-4D59-9E03-D53B45B5B298}"
EndProject
Project("{FAE04EC0-301F-11D3-BF4B-00C04F79EFBC}") = "eShopSolution.App", "eShopSolution.App\eShopSolution.App.csproj", "{71E2C25E-4A96-4423-B709-E7FB2EC9F516}"
EndProject
Global
	GlobalSection(SolutionConfigurationPlatforms) = preSolution
		Debug|Any CPU = Debug|Any CPU
		Release|Any CPU = Release|Any CPU
	EndGlobalSection
	GlobalSection(ProjectConfigurationPlatforms) = postSolution
		{B140F3B5-8887-401E-AEEA-FF8620DEF4BC}.Debug|Any CPU.ActiveCfg = Debug|Any CPU
		{B140F3B5-8887-401E-AEEA-FF8620DEF4BC}.Debug|Any CPU.Build.0 = Debug|Any CPU
		{B140F3B5-8887-401E-AEEA-FF8620DEF4BC}.Release|Any CPU.ActiveCfg = Release|Any CPU
		{B140F3B5-8887-401E-AEEA-FF8620DEF4BC}.Release|Any CPU.Build.0 = Release|Any CPU
		{7A024763-16F8-4D59-9E03-D53B45B5B298}.Debug|Any CPU.ActiveCfg = Debug|Any CPU
		{7A024763-16F8-4D59-9E03-D53B45B5B298}.Debug|Any CPU.Build.0 = Debug|Any CPU
		{7A024763-16F8-4D59-9E03-D53B45B5B298}.Release|Any CPU.ActiveCfg = Release|Any CPU
		{7A024763-16F8-4D59-9E03-D53B45B5B298}.Release|Any CPU.Build.0 = Release|Any CPU
		{71E2C25E-4A96-4423-B709-E7FB2EC9F516}.Debug|Any CPU.ActiveCfg = Debug|Any CPU
		{71E2C25E-4A96-4423-B709-E7FB2EC9F516}.Debug|Any CPU.Build.0 = Debug|Any CPU
		{71E2C25E-4A96-4423-B709-E7FB2EC9F516}.Release|Any CPU.ActiveCfg = Release|Any CPU
		{71E2C25E-4A96-4423-B709-E7FB2EC9F516}.Release|Any CPU.Build.0 = Release|Any CPU
	EndGlobalSection
	GlobalSection(SolutionProperties) = preSolution
		HideSolutionNode = FALSE
	EndGlobalSection
	GlobalSection(ExtensibilityGlobals) = postSolution
		SolutionGuid = {BE6CE8ED-D48D-4DDC-B57D-A68771D7126C}
	EndGlobalSection
EndGlobal
